
Microsoft Visual Studio Solution File, Format Version 12.00
# Visual Studio Version 16
VisualStudioVersion = 16.0.30413.136
MinimumVisualStudioVersion = 10.0.40219.1
Project("{FAE04EC0-301F-11D3-BF4B-00C04F79EFBC}") = "API", "API\API.csproj", "{A9343CE2-E7B8-4DF6-846F-77C6CA90AF64}"
EndProject
Global
	GlobalSection(SolutionConfigurationPlatforms) = preSolution
		Debug|Any CPU = Debug|Any CPU
		Release|Any CPU = Release|Any CPU
	EndGlobalSection
	GlobalSection(ProjectConfigurationPlatforms) = postSolution
		{A9343CE2-E7B8-4DF6-846F-77C6CA90AF64}.Debug|Any CPU.ActiveCfg = Debug|Any CPU
		{A9343CE2-E7B8-4DF6-846F-77C6CA90AF64}.Debug|Any CPU.Build.0 = Debug|Any CPU
		{A9343CE2-E7B8-4DF6-846F-77C6CA90AF64}.Release|Any CPU.ActiveCfg = Release|Any CPU
		{A9343CE2-E7B8-4DF6-846F-77C6CA90AF64}.Release|Any CPU.Build.0 = Release|Any CPU
	EndGlobalSection
	GlobalSection(SolutionProperties) = preSolution
		HideSolutionNode = FALSE
	EndGlobalSection
	GlobalSection(ExtensibilityGlobals) = postSolution
		SolutionGuid = {3F659B5D-026C-407D-AF74-D62F35DDA046}
	EndGlobalSection
EndGlobal
